
Microsoft Visual Studio Solution File, Format Version 12.00
# Visual Studio Version 16
VisualStudioVersion = 16.0.33920.266
MinimumVisualStudioVersion = 10.0.40219.1
Project("{FAE04EC0-301F-11D3-BF4B-00C04F79EFBC}") = "Tuan2", "Tuan2.csproj", "{3B798A28-AF77-47AA-B9F5-5F9847910794}"
EndProject
Global
	GlobalSection(SolutionConfigurationPlatforms) = preSolution
		Debug|Any CPU = Debug|Any CPU
		Release|Any CPU = Release|Any CPU
	EndGlobalSection
	GlobalSection(ProjectConfigurationPlatforms) = postSolution
		{3B798A28-AF77-47AA-B9F5-5F9847910794}.Debug|Any CPU.ActiveCfg = Debug|Any CPU
		{3B798A28-AF77-47AA-B9F5-5F9847910794}.Debug|Any CPU.Build.0 = Debug|Any CPU
		{3B798A28-AF77-47AA-B9F5-5F9847910794}.Release|Any CPU.ActiveCfg = Release|Any CPU
		{3B798A28-AF77-47AA-B9F5-5F9847910794}.Release|Any CPU.Build.0 = Release|Any CPU
	EndGlobalSection
	GlobalSection(SolutionProperties) = preSolution
		HideSolutionNode = FALSE
	EndGlobalSection
	GlobalSection(ExtensibilityGlobals) = postSolution
		SolutionGuid = {E01BE0B4-6BCB-4FD3-B21E-82D766C0677B}
	EndGlobalSection
EndGlobal
